// !$*UTF8*$!
{
	archiveVersion = 1;
	classes = {
	};
	objectVersion = 48;
	objects = {

/* Begin PBXBuildFile section */
		44B34AC52173B5C80032B736 /* AppDelegate.swift in Sources */ = {isa = PBXBuildFile; fileRef = 44B34AC42173B5C80032B736 /* AppDelegate.swift */; };
		44B34ACB2173B5C80032B736 /* GameScene.swift in Sources */ = {isa = PBXBuildFile; fileRef = 44B34ACA2173B5C80032B736 /* GameScene.swift */; };
		44B34ACD2173B5C80032B736 /* GameViewController.swift in Sources */ = {isa = PBXBuildFile; fileRef = 44B34ACC2173B5C80032B736 /* GameViewController.swift */; };
		44B34AD02173B5C80032B736 /* Main.storyboard in Resources */ = {isa = PBXBuildFile; fileRef = 44B34ACE2173B5C80032B736 /* Main.storyboard */; };
		44B34AD22173B5C80032B736 /* Assets.xcassets in Resources */ = {isa = PBXBuildFile; fileRef = 44B34AD12173B5C80032B736 /* Assets.xcassets */; };
		44B34AD52173B5C80032B736 /* LaunchScreen.storyboard in Resources */ = {isa = PBXBuildFile; fileRef = 44B34AD32173B5C80032B736 /* LaunchScreen.storyboard */; };
/* End PBXBuildFile section */

/* Begin PBXContainerItemProxy section */
		44B34ADC2173B5C80032B736 /* PBXContainerItemProxy */ = {
			isa = PBXContainerItemProxy;
			containerPortal = 44B34AB92173B5C80032B736 /* Project object */;
			proxyType = 1;
			remoteGlobalIDString = 44B34AC02173B5C80032B736;
			remoteInfo = flower;
		};
/* End PBXContainerItemProxy section */

/* Begin PBXFileReference section */
		44B34AC12173B5C80032B736 /* flower.app */ = {isa = PBXFileReference; explicitFileType = wrapper.application; includeInIndex = 0; path = flower.app; sourceTree = BUILT_PRODUCTS_DIR; };
		44B34AC42173B5C80032B736 /* AppDelegate.swift */ = {isa = PBXFileReference; lastKnownFileType = sourcecode.swift; path = AppDelegate.swift; sourceTree = "<group>"; };
		44B34ACA2173B5C80032B736 /* GameScene.swift */ = {isa = PBXFileReference; lastKnownFileType = sourcecode.swift; path = GameScene.swift; sourceTree = "<group>"; };
		44B34ACC2173B5C80032B736 /* GameViewController.swift */ = {isa = PBXFileReference; lastKnownFileType = sourcecode.swift; path = GameViewController.swift; sourceTree = "<group>"; };
		44B34ACF2173B5C80032B736 /* Base */ = {isa = PBXFileReference; lastKnownFileType = file.storyboard; name = Base; path = Base.lproj/Main.storyboard; sourceTree = "<group>"; };
		44B34AD12173B5C80032B736 /* Assets.xcassets */ = {isa = PBXFileReference; lastKnownFileType = folder.assetcatalog; path = Assets.xcassets; sourceTree = "<group>"; };
		44B34AD42173B5C80032B736 /* Base */ = {isa = PBXFileReference; lastKnownFileType = file.storyboard; name = Base; path = Base.lproj/LaunchScreen.storyboard; sourceTree = "<group>"; };
		44B34AD62173B5C80032B736 /* Info.plist */ = {isa = PBXFileReference; lastKnownFileType = text.plist.xml; path = Info.plist; sourceTree = "<group>"; };
		44B34ADB2173B5C80032B736 /* flowerTests.xctest */ = {isa = PBXFileReference; explicitFileType = wrapper.cfbundle; includeInIndex = 0; path = flowerTests.xctest; sourceTree = BUILT_PRODUCTS_DIR; };
/* End PBXFileReference section */

/* Begin PBXFrameworksBuildPhase section */
		44B34ABE2173B5C80032B736 /* Frameworks */ = {
			isa = PBXFrameworksBuildPhase;
			buildActionMask = 2147483647;
			files = (
			);
			runOnlyForDeploymentPostprocessing = 0;
		};
		44B34AD82173B5C80032B736 /* Frameworks */ = {
			isa = PBXFrameworksBuildPhase;
			buildActionMask = 2147483647;
			files = (
			);
			runOnlyForDeploymentPostprocessing = 0;
		};
/* End PBXFrameworksBuildPhase section */

/* Begin PBXGroup section */
		44B34AB82173B5C80032B736 = {
			isa = PBXGroup;
			children = (
				44B34AC32173B5C80032B736 /* flower */,
				44B34AC22173B5C80032B736 /* Products */,
			);
			sourceTree = "<group>";
		};
		44B34AC22173B5C80032B736 /* Products */ = {
			isa = PBXGroup;
			children = (
				44B34AC12173B5C80032B736 /* flower.app */,
				44B34ADB2173B5C80032B736 /* flowerTests.xctest */,
			);
			name = Products;
			sourceTree = "<group>";
		};
		44B34AC32173B5C80032B736 /* flower */ = {
			isa = PBXGroup;
			children = (
				44B34AC42173B5C80032B736 /* AppDelegate.swift */,
				44B34ACA2173B5C80032B736 /* GameScene.swift */,
				44B34ACC2173B5C80032B736 /* GameViewController.swift */,
				44B34ACE2173B5C80032B736 /* Main.storyboard */,
				44B34AD12173B5C80032B736 /* Assets.xcassets */,
				44B34AD32173B5C80032B736 /* LaunchScreen.storyboard */,
				44B34AD62173B5C80032B736 /* Info.plist */,
			);
			path = flower;
			sourceTree = "<group>";
		};
/* End PBXGroup section */

/* Begin PBXNativeTarget section */
		44B34AC02173B5C80032B736 /* flower */ = {
			isa = PBXNativeTarget;
			buildConfigurationList = 44B34AE42173B5C80032B736 /* Build configuration list for PBXNativeTarget "flower" */;
			buildPhases = (
				44B34ABD2173B5C80032B736 /* Sources */,
				44B34ABE2173B5C80032B736 /* Frameworks */,
				44B34ABF2173B5C80032B736 /* Resources */,
			);
			buildRules = (
			);
			dependencies = (
			);
			name = flower;
			productName = flower;
			productReference = 44B34AC12173B5C80032B736 /* flower.app */;
			productType = "com.apple.product-type.application";
		};
		44B34ADA2173B5C80032B736 /* flowerTests */ = {
			isa = PBXNativeTarget;
			buildConfigurationList = 44B34AE72173B5C80032B736 /* Build configuration list for PBXNativeTarget "flowerTests" */;
			buildPhases = (
				44B34AD72173B5C80032B736 /* Sources */,
				44B34AD82173B5C80032B736 /* Frameworks */,
				44B34AD92173B5C80032B736 /* Resources */,
			);
			buildRules = (
			);
			dependencies = (
				44B34ADD2173B5C80032B736 /* PBXTargetDependency */,
			);
			name = flowerTests;
			productName = flowerTests;
			productReference = 44B34ADB2173B5C80032B736 /* flowerTests.xctest */;
			productType = "com.apple.product-type.bundle.unit-test";
		};
/* End PBXNativeTarget section */

/* Begin PBXProject section */
		44B34AB92173B5C80032B736 /* Project object */ = {
			isa = PBXProject;
			attributes = {
				LastSwiftUpdateCheck = 0920;
				LastUpgradeCheck = 0920;
				ORGANIZATIONNAME = "Kate Roberts";
				TargetAttributes = {
					44B34AC02173B5C80032B736 = {
						CreatedOnToolsVersion = 9.2;
						ProvisioningStyle = Automatic;
					};
					44B34ADA2173B5C80032B736 = {
						CreatedOnToolsVersion = 9.2;
						ProvisioningStyle = Automatic;
						TestTargetID = 44B34AC02173B5C80032B736;
					};
				};
			};
			buildConfigurationList = 44B34ABC2173B5C80032B736 /* Build configuration list for PBXProject "flower" */;
			compatibilityVersion = "Xcode 8.0";
			developmentRegion = en;
			hasScannedForEncodings = 0;
			knownRegions = (
				en,
				Base,
			);
			mainGroup = 44B34AB82173B5C80032B736;
			productRefGroup = 44B34AC22173B5C80032B736 /* Products */;
			projectDirPath = "";
			projectRoot = "";
			targets = (
				44B34AC02173B5C80032B736 /* flower */,
				44B34ADA2173B5C80032B736 /* flowerTests */,
			);
		};
/* End PBXProject section */

/* Begin PBXResourcesBuildPhase section */
		44B34ABF2173B5C80032B736 /* Resources */ = {
			isa = PBXResourcesBuildPhase;
			buildActionMask = 2147483647;
			files = (
				44B34AD02173B5C80032B736 /* Main.storyboard in Resources */,
				44B34AD22173B5C80032B736 /* Assets.xcassets in Resources */,
				44B34AD52173B5C80032B736 /* LaunchScreen.storyboard in Resources */,
			);
			runOnlyForDeploymentPostprocessing = 0;
		};
		44B34AD92173B5C80032B736 /* Resources */ = {
			isa = PBXResourcesBuildPhase;
			buildActionMask = 2147483647;
			files = (
			);
			runOnlyForDeploymentPostprocessing = 0;
		};
/* End PBXResourcesBuildPhase section */

/* Begin PBXSourcesBuildPhase section */
		44B34ABD2173B5C80032B736 /* Sources */ = {
			isa = PBXSourcesBuildPhase;
			buildActionMask = 2147483647;
			files = (
				44B34ACB2173B5C80032B736 /* GameScene.swift in Sources */,
				44B34ACD2173B5C80032B736 /* GameViewController.swift in Sources */,
				44B34AC52173B5C80032B736 /* AppDelegate.swift in Sources */,
			);
			runOnlyForDeploymentPostprocessing = 0;
		};
		44B34AD72173B5C80032B736 /* Sources */ = {
			isa = PBXSourcesBuildPhase;
			buildActionMask = 2147483647;
			files = (
			);
			runOnlyForDeploymentPostprocessing = 0;
		};
/* End PBXSourcesBuildPhase section */

/* Begin PBXTargetDependency section */
		44B34ADD2173B5C80032B736 /* PBXTargetDependency */ = {
			isa = PBXTargetDependency;
			target = 44B34AC02173B5C80032B736 /* flower */;
			targetProxy = 44B34ADC2173B5C80032B736 /* PBXContainerItemProxy */;
		};
/* End PBXTargetDependency section */

/* Begin PBXVariantGroup section */
		44B34ACE2173B5C80032B736 /* Main.storyboard */ = {
			isa = PBXVariantGroup;
			children = (
				44B34ACF2173B5C80032B736 /* Base */,
			);
			name = Main.storyboard;
			sourceTree = "<group>";
		};
		44B34AD32173B5C80032B736 /* LaunchScreen.storyboard */ = {
			isa = PBXVariantGroup;
			children = (
				44B34AD42173B5C80032B736 /* Base */,
			);
			name = LaunchScreen.storyboard;
			sourceTree = "<group>";
		};
/* End PBXVariantGroup section */

/* Begin XCBuildConfiguration section */
		44B34AE22173B5C80032B736 /* Debug */ = {
			isa = XCBuildConfiguration;
			buildSettings = {
				ALWAYS_SEARCH_USER_PATHS = NO;
				CLANG_ANALYZER_NONNULL = YES;
				CLANG_ANALYZER_NUMBER_OBJECT_CONVERSION = YES_AGGRESSIVE;
				CLANG_CXX_LANGUAGE_STANDARD = "gnu++14";
				CLANG_CXX_LIBRARY = "libc++";
				CLANG_ENABLE_MODULES = YES;
				CLANG_ENABLE_OBJC_ARC = YES;
				CLANG_WARN_BLOCK_CAPTURE_AUTORELEASING = YES;
				CLANG_WARN_BOOL_CONVERSION = YES;
				CLANG_WARN_COMMA = YES;
				CLANG_WARN_CONSTANT_CONVERSION = YES;
				CLANG_WARN_DIRECT_OBJC_ISA_USAGE = YES_ERROR;
				CLANG_WARN_DOCUMENTATION_COMMENTS = YES;
				CLANG_WARN_EMPTY_BODY = YES;
				CLANG_WARN_ENUM_CONVERSION = YES;
				CLANG_WARN_INFINITE_RECURSION = YES;
				CLANG_WARN_INT_CONVERSION = YES;
				CLANG_WARN_NON_LITERAL_NULL_CONVERSION = YES;
				CLANG_WARN_OBJC_LITERAL_CONVERSION = YES;
				CLANG_WARN_OBJC_ROOT_CLASS = YES_ERROR;
				CLANG_WARN_RANGE_LOOP_ANALYSIS = YES;
				CLANG_WARN_STRICT_PROTOTYPES = YES;
				CLANG_WARN_SUSPICIOUS_MOVE = YES;
				CLANG_WARN_UNGUARDED_AVAILABILITY = YES_AGGRESSIVE;
				CLANG_WARN_UNREACHABLE_CODE = YES;
				CLANG_WARN__DUPLICATE_METHOD_MATCH = YES;
				CODE_SIGN_IDENTITY = "iPhone Developer";
				COPY_PHASE_STRIP = NO;
				DEBUG_INFORMATION_FORMAT = dwarf;
				ENABLE_STRICT_OBJC_MSGSEND = YES;
				ENABLE_TESTABILITY = YES;
				GCC_C_LANGUAGE_STANDARD = gnu11;
				GCC_DYNAMIC_NO_PIC = NO;
				GCC_NO_COMMON_BLOCKS = YES;
				GCC_OPTIMIZATION_LEVEL = 0;
				GCC_PREPROCESSOR_DEFINITIONS = (
					"DEBUG=1",
					"$(inherited)",
				);
				GCC_WARN_64_TO_32_BIT_CONVERSION = YES;
				GCC_WARN_ABOUT_RETURN_TYPE = YES_ERROR;
				GCC_WARN_UNDECLARED_SELECTOR = YES;
				GCC_WARN_UNINITIALIZED_AUTOS = YES_AGGRESSIVE;
				GCC_WARN_UNUSED_FUNCTION = YES;
				GCC_WARN_UNUSED_VARIABLE = YES;
				IPHONEOS_DEPLOYMENT_TARGET = 11.2;
				MTL_ENABLE_DEBUG_INFO = YES;
				ONLY_ACTIVE_ARCH = YES;
				SDKROOT = iphoneos;
				SWIFT_ACTIVE_COMPILATION_CONDITIONS = DEBUG;
				SWIFT_OPTIMIZATION_LEVEL = "-Onone";
			};
			name = Debug;
		};
		44B34AE32173B5C80032B736 /* Release */ = {
			isa = XCBuildConfiguration;
			buildSettings = {
				ALWAYS_SEARCH_USER_PATHS = NO;
				CLANG_ANALYZER_NONNULL = YES;
				CLANG_ANALYZER_NUMBER_OBJECT_CONVERSION = YES_AGGRESSIVE;
				CLANG_CXX_LANGUAGE_STANDARD = "gnu++14";
				CLANG_CXX_LIBRARY = "libc++";
				CLANG_ENABLE_MODULES = YES;
				CLANG_ENABLE_OBJC_ARC = YES;
				CLANG_WARN_BLOCK_CAPTURE_AUTORELEASING = YES;
				CLANG_WARN_BOOL_CONVERSION = YES;
				CLANG_WARN_COMMA = YES;
				CLANG_WARN_CONSTANT_CONVERSION = YES;
				CLANG_WARN_DIRECT_OBJC_ISA_USAGE = YES_ERROR;
				CLANG_WARN_DOCUMENTATION_COMMENTS = YES;
				CLANG_WARN_EMPTY_BODY = YES;
				CLANG_WARN_ENUM_CONVERSION = YES;
				CLANG_WARN_INFINITE_RECURSION = YES;
				CLANG_WARN_INT_CONVERSION = YES;
				CLANG_WARN_NON_LITERAL_NULL_CONVERSION = YES;
				CLANG_WARN_OBJC_LITERAL_CONVERSION = YES;
				CLANG_WARN_OBJC_ROOT_CLASS = YES_ERROR;
				CLANG_WARN_RANGE_LOOP_ANALYSIS = YES;
				CLANG_WARN_STRICT_PROTOTYPES = YES;
				CLANG_WARN_SUSPICIOUS_MOVE = YES;
				CLANG_WARN_UNGUARDED_AVAILABILITY = YES_AGGRESSIVE;
				CLANG_WARN_UNREACHABLE_CODE = YES;
				CLANG_WARN__DUPLICATE_METHOD_MATCH = YES;
				CODE_SIGN_IDENTITY = "iPhone Developer";
				COPY_PHASE_STRIP = NO;
				DEBUG_INFORMATION_FORMAT = "dwarf-with-dsym";
				ENABLE_NS_ASSERTIONS = NO;
				ENABLE_STRICT_OBJC_MSGSEND = YES;
				GCC_C_LANGUAGE_STANDARD = gnu11;
				GCC_NO_COMMON_BLOCKS = YES;
				GCC_WARN_64_TO_32_BIT_CONVERSION = YES;
				GCC_WARN_ABOUT_RETURN_TYPE = YES_ERROR;
				GCC_WARN_UNDECLARED_SELECTOR = YES;
				GCC_WARN_UNINITIALIZED_AUTOS = YES_AGGRESSIVE;
				GCC_WARN_UNUSED_FUNCTION = YES;
				GCC_WARN_UNUSED_VARIABLE = YES;
				IPHONEOS_DEPLOYMENT_TARGET = 11.2;
				MTL_ENABLE_DEBUG_INFO = NO;
				SDKROOT = iphoneos;
				SWIFT_OPTIMIZATION_LEVEL = "-Owholemodule";
				VALIDATE_PRODUCT = YES;
			};
			name = Release;
		};
		44B34AE52173B5C80032B736 /* Debug */ = {
			isa = XCBuildConfiguration;
			buildSettings = {
				ASSETCATALOG_COMPILER_APPICON_NAME = AppIcon;
				CODE_SIGN_STYLE = Automatic;
				INFOPLIST_FILE = flower/Info.plist;
				LD_RUNPATH_SEARCH_PATHS = "$(inherited) @executable_path/Frameworks";
				PRODUCT_BUNDLE_IDENTIFIER = com.example.flower;
				PRODUCT_NAME = "$(TARGET_NAME)";
				SWIFT_VERSION = 4.0;
				TARGETED_DEVICE_FAMILY = "1,2";
			};
			name = Debug;
		};
		44B34AE62173B5C80032B736 /* Release */ = {
			isa = XCBuildConfiguration;
			buildSettings = {
				ASSETCATALOG_COMPILER_APPICON_NAME = AppIcon;
				CODE_SIGN_STYLE = Automatic;
				INFOPLIST_FILE = flower/Info.plist;
				LD_RUNPATH_SEARCH_PATHS = "$(inherited) @executable_path/Frameworks";
				PRODUCT_BUNDLE_IDENTIFIER = com.example.flower;
				PRODUCT_NAME = "$(TARGET_NAME)";
				SWIFT_VERSION = 4.0;
				TARGETED_DEVICE_FAMILY = "1,2";
			};
			name = Release;
		};
		44B34AE82173B5C80032B736 /* Debug */ = {
			isa = XCBuildConfiguration;
			buildSettings = {
				ALWAYS_EMBED_SWIFT_STANDARD_LIBRARIES = YES;
				BUNDLE_LOADER = "$(TEST_HOST)";
				CODE_SIGN_STYLE = Automatic;
				INFOPLIST_FILE = flowerTests/Info.plist;
				LD_RUNPATH_SEARCH_PATHS = "$(inherited) @executable_path/Frameworks @loader_path/Frameworks";
				PRODUCT_BUNDLE_IDENTIFIER = com.example.flowerTests;
				PRODUCT_NAME = "$(TARGET_NAME)";
				SWIFT_VERSION = 4.0;
				TARGETED_DEVICE_FAMILY = "1,2";
				TEST_HOST = "$(BUILT_PRODUCTS_DIR)/flower.app/flower";
			};
			name = Debug;
		};
		44B34AE92173B5C80032B736 /* Release */ = {
			isa = XCBuildConfiguration;
			buildSettings = {
				ALWAYS_EMBED_SWIFT_STANDARD_LIBRARIES = YES;
				BUNDLE_LOADER = "$(TEST_HOST)";
				CODE_SIGN_STYLE = Automatic;
				INFOPLIST_FILE = flowerTests/Info.plist;
				LD_RUNPATH_SEARCH_PATHS = "$(inherited) @executable_path/Frameworks @loader_path/Frameworks";
				PRODUCT_BUNDLE_IDENTIFIER = com.example.flowerTests;
				PRODUCT_NAME = "$(TARGET_NAME)";
				SWIFT_VERSION = 4.0;
				TARGETED_DEVICE_FAMILY = "1,2";
				TEST_HOST = "$(BUILT_PRODUCTS_DIR)/flower.app/flower";
			};
			name = Release;
		};
/* End XCBuildConfiguration section */

/* Begin XCConfigurationList section */
		44B34ABC2173B5C80032B736 /* Build configuration list for PBXProject "flower" */ = {
			isa = XCConfigurationList;
			buildConfigurations = (
				44B34AE22173B5C80032B736 /* Debug */,
				44B34AE32173B5C80032B736 /* Release */,
			);
			defaultConfigurationIsVisible = 0;
			defaultConfigurationName = Release;
		};
		44B34AE42173B5C80032B736 /* Build configuration list for PBXNativeTarget "flower" */ = {
			isa = XCConfigurationList;
			buildConfigurations = (
				44B34AE52173B5C80032B736 /* Debug */,
				44B34AE62173B5C80032B736 /* Release */,
			);
			defaultConfigurationIsVisible = 0;
			defaultConfigurationName = Release;
		};
		44B34AE72173B5C80032B736 /* Build configuration list for PBXNativeTarget "flowerTests" */ = {
			isa = XCConfigurationList;
			buildConfigurations = (
				44B34AE82173B5C80032B736 /* Debug */,
				44B34AE92173B5C80032B736 /* Release */,
			);
			defaultConfigurationIsVisible = 0;
			defaultConfigurationName = Release;
		};
/* End XCConfigurationList section */
	};
	rootObject = 44B34AB92173B5C80032B736 /* Project object */;
}
