// !$*UTF8*$!
{
	archiveVersion = 1;
	classes = {
	};
	objectVersion = 48;
	objects = {

/* Begin PBXBuildFile section */
		440590AC2176517C007AA78F /* Tasks.swift in Sources */ = {isa = PBXBuildFile; fileRef = 440590AB2176517C007AA78F /* Tasks.swift */; };
		441714B62174BF6C003E0D1D /* Launch Screen.storyboard in Resources */ = {isa = PBXBuildFile; fileRef = 441714B52174BF6C003E0D1D /* Launch Screen.storyboard */; };
		4452BA582178573200C61740 /* flower in Resources */ = {isa = PBXBuildFile; fileRef = 4452BA572178573200C61740 /* flower */; };
		44CBA92421745E1D00B9C808 /* AppDelegate.swift in Sources */ = {isa = PBXBuildFile; fileRef = 44CBA92321745E1D00B9C808 /* AppDelegate.swift */; };
		44CBA92621745E1D00B9C808 /* ViewController.swift in Sources */ = {isa = PBXBuildFile; fileRef = 44CBA92521745E1D00B9C808 /* ViewController.swift */; };
		44CBA92921745E1D00B9C808 /* Main.storyboard in Resources */ = {isa = PBXBuildFile; fileRef = 44CBA92721745E1D00B9C808 /* Main.storyboard */; };
		44CBA92C21745E1D00B9C808 /* MaSlow.xcdatamodeld in Sources */ = {isa = PBXBuildFile; fileRef = 44CBA92A21745E1D00B9C808 /* MaSlow.xcdatamodeld */; };
		44CBA92E21745E1D00B9C808 /* Assets.xcassets in Resources */ = {isa = PBXBuildFile; fileRef = 44CBA92D21745E1D00B9C808 /* Assets.xcassets */; };
		44CBA93121745E1D00B9C808 /* LaunchScreen.storyboard in Resources */ = {isa = PBXBuildFile; fileRef = 44CBA92F21745E1D00B9C808 /* LaunchScreen.storyboard */; };
		44CBA93C21745E1D00B9C808 /* MaSlowTests.swift in Sources */ = {isa = PBXBuildFile; fileRef = 44CBA93B21745E1D00B9C808 /* MaSlowTests.swift */; };
/* End PBXBuildFile section */

/* Begin PBXContainerItemProxy section */
		44CBA93821745E1D00B9C808 /* PBXContainerItemProxy */ = {
			isa = PBXContainerItemProxy;
			containerPortal = 44CBA91821745E1D00B9C808 /* Project object */;
			proxyType = 1;
			remoteGlobalIDString = 44CBA91F21745E1D00B9C808;
			remoteInfo = MaSlow;
		};
/* End PBXContainerItemProxy section */

/* Begin PBXFileReference section */
		440590AB2176517C007AA78F /* Tasks.swift */ = {isa = PBXFileReference; lastKnownFileType = sourcecode.swift; path = Tasks.swift; sourceTree = "<group>"; };
		441714B52174BF6C003E0D1D /* Launch Screen.storyboard */ = {isa = PBXFileReference; lastKnownFileType = file.storyboard; path = "Launch Screen.storyboard"; sourceTree = "<group>"; };
		4452BA572178573200C61740 /* flower */ = {isa = PBXFileReference; lastKnownFileType = folder; name = flower; path = ../../flower; sourceTree = "<group>"; };
		44CBA92021745E1D00B9C808 /* MaSlow.app */ = {isa = PBXFileReference; explicitFileType = wrapper.application; includeInIndex = 0; path = MaSlow.app; sourceTree = BUILT_PRODUCTS_DIR; };
		44CBA92321745E1D00B9C808 /* AppDelegate.swift */ = {isa = PBXFileReference; lastKnownFileType = sourcecode.swift; path = AppDelegate.swift; sourceTree = "<group>"; };
		44CBA92521745E1D00B9C808 /* ViewController.swift */ = {isa = PBXFileReference; lastKnownFileType = sourcecode.swift; path = ViewController.swift; sourceTree = "<group>"; };
		44CBA92821745E1D00B9C808 /* Base */ = {isa = PBXFileReference; lastKnownFileType = file.storyboard; name = Base; path = Base.lproj/Main.storyboard; sourceTree = "<group>"; };
		44CBA92B21745E1D00B9C808 /* MaSlow.xcdatamodel */ = {isa = PBXFileReference; lastKnownFileType = wrapper.xcdatamodel; path = MaSlow.xcdatamodel; sourceTree = "<group>"; };
		44CBA92D21745E1D00B9C808 /* Assets.xcassets */ = {isa = PBXFileReference; lastKnownFileType = folder.assetcatalog; path = Assets.xcassets; sourceTree = "<group>"; };
		44CBA93021745E1D00B9C808 /* Base */ = {isa = PBXFileReference; lastKnownFileType = file.storyboard; name = Base; path = Base.lproj/LaunchScreen.storyboard; sourceTree = "<group>"; };
		44CBA93221745E1D00B9C808 /* Info.plist */ = {isa = PBXFileReference; lastKnownFileType = text.plist.xml; path = Info.plist; sourceTree = "<group>"; };
		44CBA93721745E1D00B9C808 /* MaSlowTests.xctest */ = {isa = PBXFileReference; explicitFileType = wrapper.cfbundle; includeInIndex = 0; path = MaSlowTests.xctest; sourceTree = BUILT_PRODUCTS_DIR; };
		44CBA93B21745E1D00B9C808 /* MaSlowTests.swift */ = {isa = PBXFileReference; lastKnownFileType = sourcecode.swift; path = MaSlowTests.swift; sourceTree = "<group>"; };
		44CBA93D21745E1D00B9C808 /* Info.plist */ = {isa = PBXFileReference; lastKnownFileType = text.plist.xml; path = Info.plist; sourceTree = "<group>"; };
/* End PBXFileReference section */

/* Begin PBXFrameworksBuildPhase section */
		44CBA91D21745E1D00B9C808 /* Frameworks */ = {
			isa = PBXFrameworksBuildPhase;
			buildActionMask = 2147483647;
			files = (
			);
			runOnlyForDeploymentPostprocessing = 0;
		};
		44CBA93421745E1D00B9C808 /* Frameworks */ = {
			isa = PBXFrameworksBuildPhase;
			buildActionMask = 2147483647;
			files = (
			);
			runOnlyForDeploymentPostprocessing = 0;
		};
/* End PBXFrameworksBuildPhase section */

/* Begin PBXGroup section */
		44CBA91721745E1D00B9C808 = {
			isa = PBXGroup;
			children = (
				44CBA92221745E1D00B9C808 /* MaSlow */,
				44CBA93A21745E1D00B9C808 /* MaSlowTests */,
				44CBA92121745E1D00B9C808 /* Products */,
			);
			sourceTree = "<group>";
		};
		44CBA92121745E1D00B9C808 /* Products */ = {
			isa = PBXGroup;
			children = (
				44CBA92021745E1D00B9C808 /* MaSlow.app */,
				44CBA93721745E1D00B9C808 /* MaSlowTests.xctest */,
			);
			name = Products;
			sourceTree = "<group>";
		};
		44CBA92221745E1D00B9C808 /* MaSlow */ = {
			isa = PBXGroup;
			children = (
				44CBA92321745E1D00B9C808 /* AppDelegate.swift */,
				44CBA92521745E1D00B9C808 /* ViewController.swift */,
				440590AB2176517C007AA78F /* Tasks.swift */,
				44CBA92721745E1D00B9C808 /* Main.storyboard */,
				441714B52174BF6C003E0D1D /* Launch Screen.storyboard */,
				44CBA92D21745E1D00B9C808 /* Assets.xcassets */,
				4452BA572178573200C61740 /* flower */,
				44CBA92F21745E1D00B9C808 /* LaunchScreen.storyboard */,
				44CBA93221745E1D00B9C808 /* Info.plist */,
				44CBA92A21745E1D00B9C808 /* MaSlow.xcdatamodeld */,
			);
			path = MaSlow;
			sourceTree = "<group>";
		};
		44CBA93A21745E1D00B9C808 /* MaSlowTests */ = {
			isa = PBXGroup;
			children = (
				44CBA93B21745E1D00B9C808 /* MaSlowTests.swift */,
				44CBA93D21745E1D00B9C808 /* Info.plist */,
			);
			path = MaSlowTests;
			sourceTree = "<group>";
		};
/* End PBXGroup section */

/* Begin PBXNativeTarget section */
		44CBA91F21745E1D00B9C808 /* MaSlow */ = {
			isa = PBXNativeTarget;
			buildConfigurationList = 44CBA94021745E1D00B9C808 /* Build configuration list for PBXNativeTarget "MaSlow" */;
			buildPhases = (
				44CBA91C21745E1D00B9C808 /* Sources */,
				44CBA91D21745E1D00B9C808 /* Frameworks */,
				44CBA91E21745E1D00B9C808 /* Resources */,
			);
			buildRules = (
			);
			dependencies = (
			);
			name = MaSlow;
			productName = MaSlow;
			productReference = 44CBA92021745E1D00B9C808 /* MaSlow.app */;
			productType = "com.apple.product-type.application";
		};
		44CBA93621745E1D00B9C808 /* MaSlowTests */ = {
			isa = PBXNativeTarget;
			buildConfigurationList = 44CBA94321745E1D00B9C808 /* Build configuration list for PBXNativeTarget "MaSlowTests" */;
			buildPhases = (
				44CBA93321745E1D00B9C808 /* Sources */,
				44CBA93421745E1D00B9C808 /* Frameworks */,
				44CBA93521745E1D00B9C808 /* Resources */,
			);
			buildRules = (
			);
			dependencies = (
				44CBA93921745E1D00B9C808 /* PBXTargetDependency */,
			);
			name = MaSlowTests;
			productName = MaSlowTests;
			productReference = 44CBA93721745E1D00B9C808 /* MaSlowTests.xctest */;
			productType = "com.apple.product-type.bundle.unit-test";
		};
/* End PBXNativeTarget section */

/* Begin PBXProject section */
		44CBA91821745E1D00B9C808 /* Project object */ = {
			isa = PBXProject;
			attributes = {
				LastSwiftUpdateCheck = 0920;
				LastUpgradeCheck = 0920;
				ORGANIZATIONNAME = "Kate Roberts";
				TargetAttributes = {
					44CBA91F21745E1D00B9C808 = {
						CreatedOnToolsVersion = 9.2;
						ProvisioningStyle = Automatic;
					};
					44CBA93621745E1D00B9C808 = {
						CreatedOnToolsVersion = 9.2;
						ProvisioningStyle = Automatic;
						TestTargetID = 44CBA91F21745E1D00B9C808;
					};
				};
			};
			buildConfigurationList = 44CBA91B21745E1D00B9C808 /* Build configuration list for PBXProject "MaSlow" */;
			compatibilityVersion = "Xcode 8.0";
			developmentRegion = en;
			hasScannedForEncodings = 0;
			knownRegions = (
				en,
				Base,
			);
			mainGroup = 44CBA91721745E1D00B9C808;
			productRefGroup = 44CBA92121745E1D00B9C808 /* Products */;
			projectDirPath = "";
			projectRoot = "";
			targets = (
				44CBA91F21745E1D00B9C808 /* MaSlow */,
				44CBA93621745E1D00B9C808 /* MaSlowTests */,
			);
		};
/* End PBXProject section */

/* Begin PBXResourcesBuildPhase section */
		44CBA91E21745E1D00B9C808 /* Resources */ = {
			isa = PBXResourcesBuildPhase;
			buildActionMask = 2147483647;
			files = (
				4452BA582178573200C61740 /* flower in Resources */,
				44CBA93121745E1D00B9C808 /* LaunchScreen.storyboard in Resources */,
				44CBA92E21745E1D00B9C808 /* Assets.xcassets in Resources */,
				441714B62174BF6C003E0D1D /* Launch Screen.storyboard in Resources */,
				44CBA92921745E1D00B9C808 /* Main.storyboard in Resources */,
			);
			runOnlyForDeploymentPostprocessing = 0;
		};
		44CBA93521745E1D00B9C808 /* Resources */ = {
			isa = PBXResourcesBuildPhase;
			buildActionMask = 2147483647;
			files = (
			);
			runOnlyForDeploymentPostprocessing = 0;
		};
/* End PBXResourcesBuildPhase section */

/* Begin PBXSourcesBuildPhase section */
		44CBA91C21745E1D00B9C808 /* Sources */ = {
			isa = PBXSourcesBuildPhase;
			buildActionMask = 2147483647;
			files = (
				440590AC2176517C007AA78F /* Tasks.swift in Sources */,
				44CBA92621745E1D00B9C808 /* ViewController.swift in Sources */,
				44CBA92C21745E1D00B9C808 /* MaSlow.xcdatamodeld in Sources */,
				44CBA92421745E1D00B9C808 /* AppDelegate.swift in Sources */,
			);
			runOnlyForDeploymentPostprocessing = 0;
		};
		44CBA93321745E1D00B9C808 /* Sources */ = {
			isa = PBXSourcesBuildPhase;
			buildActionMask = 2147483647;
			files = (
				44CBA93C21745E1D00B9C808 /* MaSlowTests.swift in Sources */,
			);
			runOnlyForDeploymentPostprocessing = 0;
		};
/* End PBXSourcesBuildPhase section */

/* Begin PBXTargetDependency section */
		44CBA93921745E1D00B9C808 /* PBXTargetDependency */ = {
			isa = PBXTargetDependency;
			target = 44CBA91F21745E1D00B9C808 /* MaSlow */;
			targetProxy = 44CBA93821745E1D00B9C808 /* PBXContainerItemProxy */;
		};
/* End PBXTargetDependency section */

/* Begin PBXVariantGroup section */
		44CBA92721745E1D00B9C808 /* Main.storyboard */ = {
			isa = PBXVariantGroup;
			children = (
				44CBA92821745E1D00B9C808 /* Base */,
			);
			name = Main.storyboard;
			sourceTree = "<group>";
		};
		44CBA92F21745E1D00B9C808 /* LaunchScreen.storyboard */ = {
			isa = PBXVariantGroup;
			children = (
				44CBA93021745E1D00B9C808 /* Base */,
			);
			name = LaunchScreen.storyboard;
			sourceTree = "<group>";
		};
/* End PBXVariantGroup section */

/* Begin XCBuildConfiguration section */
		44CBA93E21745E1D00B9C808 /* Debug */ = {
			isa = XCBuildConfiguration;
			buildSettings = {
				ALWAYS_SEARCH_USER_PATHS = NO;
				CLANG_ANALYZER_NONNULL = YES;
				CLANG_ANALYZER_NUMBER_OBJECT_CONVERSION = YES_AGGRESSIVE;
				CLANG_CXX_LANGUAGE_STANDARD = "gnu++14";
				CLANG_CXX_LIBRARY = "libc++";
				CLANG_ENABLE_MODULES = YES;
				CLANG_ENABLE_OBJC_ARC = YES;
				CLANG_WARN_BLOCK_CAPTURE_AUTORELEASING = YES;
				CLANG_WARN_BOOL_CONVERSION = YES;
				CLANG_WARN_COMMA = YES;
				CLANG_WARN_CONSTANT_CONVERSION = YES;
				CLANG_WARN_DIRECT_OBJC_ISA_USAGE = YES_ERROR;
				CLANG_WARN_DOCUMENTATION_COMMENTS = YES;
				CLANG_WARN_EMPTY_BODY = YES;
				CLANG_WARN_ENUM_CONVERSION = YES;
				CLANG_WARN_INFINITE_RECURSION = YES;
				CLANG_WARN_INT_CONVERSION = YES;
				CLANG_WARN_NON_LITERAL_NULL_CONVERSION = YES;
				CLANG_WARN_OBJC_LITERAL_CONVERSION = YES;
				CLANG_WARN_OBJC_ROOT_CLASS = YES_ERROR;
				CLANG_WARN_RANGE_LOOP_ANALYSIS = YES;
				CLANG_WARN_STRICT_PROTOTYPES = YES;
				CLANG_WARN_SUSPICIOUS_MOVE = YES;
				CLANG_WARN_UNGUARDED_AVAILABILITY = YES_AGGRESSIVE;
				CLANG_WARN_UNREACHABLE_CODE = YES;
				CLANG_WARN__DUPLICATE_METHOD_MATCH = YES;
				CODE_SIGN_IDENTITY = "iPhone Developer";
				COPY_PHASE_STRIP = NO;
				DEBUG_INFORMATION_FORMAT = dwarf;
				ENABLE_STRICT_OBJC_MSGSEND = YES;
				ENABLE_TESTABILITY = YES;
				GCC_C_LANGUAGE_STANDARD = gnu11;
				GCC_DYNAMIC_NO_PIC = NO;
				GCC_NO_COMMON_BLOCKS = YES;
				GCC_OPTIMIZATION_LEVEL = 0;
				GCC_PREPROCESSOR_DEFINITIONS = (
					"DEBUG=1",
					"$(inherited)",
				);
				GCC_WARN_64_TO_32_BIT_CONVERSION = YES;
				GCC_WARN_ABOUT_RETURN_TYPE = YES_ERROR;
				GCC_WARN_UNDECLARED_SELECTOR = YES;
				GCC_WARN_UNINITIALIZED_AUTOS = YES_AGGRESSIVE;
				GCC_WARN_UNUSED_FUNCTION = YES;
				GCC_WARN_UNUSED_VARIABLE = YES;
				IPHONEOS_DEPLOYMENT_TARGET = 11.2;
				MTL_ENABLE_DEBUG_INFO = YES;
				ONLY_ACTIVE_ARCH = YES;
				SDKROOT = iphoneos;
				SWIFT_ACTIVE_COMPILATION_CONDITIONS = DEBUG;
				SWIFT_OPTIMIZATION_LEVEL = "-Onone";
			};
			name = Debug;
		};
		44CBA93F21745E1D00B9C808 /* Release */ = {
			isa = XCBuildConfiguration;
			buildSettings = {
				ALWAYS_SEARCH_USER_PATHS = NO;
				CLANG_ANALYZER_NONNULL = YES;
				CLANG_ANALYZER_NUMBER_OBJECT_CONVERSION = YES_AGGRESSIVE;
				CLANG_CXX_LANGUAGE_STANDARD = "gnu++14";
				CLANG_CXX_LIBRARY = "libc++";
				CLANG_ENABLE_MODULES = YES;
				CLANG_ENABLE_OBJC_ARC = YES;
				CLANG_WARN_BLOCK_CAPTURE_AUTORELEASING = YES;
				CLANG_WARN_BOOL_CONVERSION = YES;
				CLANG_WARN_COMMA = YES;
				CLANG_WARN_CONSTANT_CONVERSION = YES;
				CLANG_WARN_DIRECT_OBJC_ISA_USAGE = YES_ERROR;
				CLANG_WARN_DOCUMENTATION_COMMENTS = YES;
				CLANG_WARN_EMPTY_BODY = YES;
				CLANG_WARN_ENUM_CONVERSION = YES;
				CLANG_WARN_INFINITE_RECURSION = YES;
				CLANG_WARN_INT_CONVERSION = YES;
				CLANG_WARN_NON_LITERAL_NULL_CONVERSION = YES;
				CLANG_WARN_OBJC_LITERAL_CONVERSION = YES;
				CLANG_WARN_OBJC_ROOT_CLASS = YES_ERROR;
				CLANG_WARN_RANGE_LOOP_ANALYSIS = YES;
				CLANG_WARN_STRICT_PROTOTYPES = YES;
				CLANG_WARN_SUSPICIOUS_MOVE = YES;
				CLANG_WARN_UNGUARDED_AVAILABILITY = YES_AGGRESSIVE;
				CLANG_WARN_UNREACHABLE_CODE = YES;
				CLANG_WARN__DUPLICATE_METHOD_MATCH = YES;
				CODE_SIGN_IDENTITY = "iPhone Developer";
				COPY_PHASE_STRIP = NO;
				DEBUG_INFORMATION_FORMAT = "dwarf-with-dsym";
				ENABLE_NS_ASSERTIONS = NO;
				ENABLE_STRICT_OBJC_MSGSEND = YES;
				GCC_C_LANGUAGE_STANDARD = gnu11;
				GCC_NO_COMMON_BLOCKS = YES;
				GCC_WARN_64_TO_32_BIT_CONVERSION = YES;
				GCC_WARN_ABOUT_RETURN_TYPE = YES_ERROR;
				GCC_WARN_UNDECLARED_SELECTOR = YES;
				GCC_WARN_UNINITIALIZED_AUTOS = YES_AGGRESSIVE;
				GCC_WARN_UNUSED_FUNCTION = YES;
				GCC_WARN_UNUSED_VARIABLE = YES;
				IPHONEOS_DEPLOYMENT_TARGET = 11.2;
				MTL_ENABLE_DEBUG_INFO = NO;
				SDKROOT = iphoneos;
				SWIFT_OPTIMIZATION_LEVEL = "-Owholemodule";
				VALIDATE_PRODUCT = YES;
			};
			name = Release;
		};
		44CBA94121745E1D00B9C808 /* Debug */ = {
			isa = XCBuildConfiguration;
			buildSettings = {
				ASSETCATALOG_COMPILER_APPICON_NAME = AppIcon;
				CODE_SIGN_STYLE = Automatic;
				DEVELOPMENT_TEAM = 3JJ9D977P6;
				INFOPLIST_FILE = MaSlow/Info.plist;
				LD_RUNPATH_SEARCH_PATHS = "$(inherited) @executable_path/Frameworks";
				"MTL_ENABLE_DEBUG_INFO[arch=*]" = YES;
				PRODUCT_BUNDLE_IDENTIFIER = com.example.MaSlow;
				PRODUCT_NAME = "$(TARGET_NAME)";
				SWIFT_VERSION = 4.0;
				TARGETED_DEVICE_FAMILY = "1,2";
			};
			name = Debug;
		};
		44CBA94221745E1D00B9C808 /* Release */ = {
			isa = XCBuildConfiguration;
			buildSettings = {
				ASSETCATALOG_COMPILER_APPICON_NAME = AppIcon;
				CODE_SIGN_STYLE = Automatic;
				DEVELOPMENT_TEAM = 3JJ9D977P6;
				INFOPLIST_FILE = MaSlow/Info.plist;
				LD_RUNPATH_SEARCH_PATHS = "$(inherited) @executable_path/Frameworks";
				MTL_ENABLE_DEBUG_INFO = NO;
				"MTL_ENABLE_DEBUG_INFO[arch=*]" = NO;
				PRODUCT_BUNDLE_IDENTIFIER = com.example.MaSlow;
				PRODUCT_NAME = "$(TARGET_NAME)";
				SWIFT_VERSION = 4.0;
				TARGETED_DEVICE_FAMILY = "1,2";
			};
			name = Release;
		};
		44CBA94421745E1D00B9C808 /* Debug */ = {
			isa = XCBuildConfiguration;
			buildSettings = {
				ALWAYS_EMBED_SWIFT_STANDARD_LIBRARIES = YES;
				BUNDLE_LOADER = "$(TEST_HOST)";
				CODE_SIGN_STYLE = Automatic;
				INFOPLIST_FILE = MaSlowTests/Info.plist;
				LD_RUNPATH_SEARCH_PATHS = "$(inherited) @executable_path/Frameworks @loader_path/Frameworks";
				PRODUCT_BUNDLE_IDENTIFIER = com.example.MaSlowTests;
				PRODUCT_NAME = "$(TARGET_NAME)";
				SWIFT_VERSION = 4.0;
				TARGETED_DEVICE_FAMILY = "1,2";
				TEST_HOST = "$(BUILT_PRODUCTS_DIR)/MaSlow.app/MaSlow";
			};
			name = Debug;
		};
		44CBA94521745E1D00B9C808 /* Release */ = {
			isa = XCBuildConfiguration;
			buildSettings = {
				ALWAYS_EMBED_SWIFT_STANDARD_LIBRARIES = YES;
				BUNDLE_LOADER = "$(TEST_HOST)";
				CODE_SIGN_STYLE = Automatic;
				INFOPLIST_FILE = MaSlowTests/Info.plist;
				LD_RUNPATH_SEARCH_PATHS = "$(inherited) @executable_path/Frameworks @loader_path/Frameworks";
				PRODUCT_BUNDLE_IDENTIFIER = com.example.MaSlowTests;
				PRODUCT_NAME = "$(TARGET_NAME)";
				SWIFT_VERSION = 4.0;
				TARGETED_DEVICE_FAMILY = "1,2";
				TEST_HOST = "$(BUILT_PRODUCTS_DIR)/MaSlow.app/MaSlow";
			};
			name = Release;
		};
/* End XCBuildConfiguration section */

/* Begin XCConfigurationList section */
		44CBA91B21745E1D00B9C808 /* Build configuration list for PBXProject "MaSlow" */ = {
			isa = XCConfigurationList;
			buildConfigurations = (
				44CBA93E21745E1D00B9C808 /* Debug */,
				44CBA93F21745E1D00B9C808 /* Release */,
			);
			defaultConfigurationIsVisible = 0;
			defaultConfigurationName = Release;
		};
		44CBA94021745E1D00B9C808 /* Build configuration list for PBXNativeTarget "MaSlow" */ = {
			isa = XCConfigurationList;
			buildConfigurations = (
				44CBA94121745E1D00B9C808 /* Debug */,
				44CBA94221745E1D00B9C808 /* Release */,
			);
			defaultConfigurationIsVisible = 0;
			defaultConfigurationName = Release;
		};
		44CBA94321745E1D00B9C808 /* Build configuration list for PBXNativeTarget "MaSlowTests" */ = {
			isa = XCConfigurationList;
			buildConfigurations = (
				44CBA94421745E1D00B9C808 /* Debug */,
				44CBA94521745E1D00B9C808 /* Release */,
			);
			defaultConfigurationIsVisible = 0;
			defaultConfigurationName = Release;
		};
/* End XCConfigurationList section */

/* Begin XCVersionGroup section */
		44CBA92A21745E1D00B9C808 /* MaSlow.xcdatamodeld */ = {
			isa = XCVersionGroup;
			children = (
				44CBA92B21745E1D00B9C808 /* MaSlow.xcdatamodel */,
			);
			currentVersion = 44CBA92B21745E1D00B9C808 /* MaSlow.xcdatamodel */;
			path = MaSlow.xcdatamodeld;
			sourceTree = "<group>";
			versionGroupType = wrapper.xcdatamodel;
		};
/* End XCVersionGroup section */
	};
	rootObject = 44CBA91821745E1D00B9C808 /* Project object */;
}
